// !$*UTF8*$!
{
	archiveVersion = 1;
	classes = {
	};
	objectVersion = 51;
	objects = {

/* Begin PBXBuildFile section */
		18323D4B781564E1D6DB7A91 /* Pods_IowaCrawler.framework in Frameworks */ = {isa = PBXBuildFile; fileRef = B1628789441A15966828726C /* Pods_IowaCrawler.framework */; };
		E3BB256E24DA79420008DB34 /* AppDelegate.swift in Sources */ = {isa = PBXBuildFile; fileRef = E3BB256D24DA79420008DB34 /* AppDelegate.swift */; };
		E3BB257024DA79420008DB34 /* ViewController.swift in Sources */ = {isa = PBXBuildFile; fileRef = E3BB256F24DA79420008DB34 /* ViewController.swift */; };
		E3BB257224DA79430008DB34 /* Assets.xcassets in Resources */ = {isa = PBXBuildFile; fileRef = E3BB257124DA79430008DB34 /* Assets.xcassets */; };
		E3BB257524DA79430008DB34 /* Main.storyboard in Resources */ = {isa = PBXBuildFile; fileRef = E3BB257324DA79430008DB34 /* Main.storyboard */; };
		E3BB257E24DAACF20008DB34 /* DownloadOperation.swift in Sources */ = {isa = PBXBuildFile; fileRef = E3BB257D24DAACF20008DB34 /* DownloadOperation.swift */; };
/* End PBXBuildFile section */

/* Begin PBXFileReference section */
		424DBC7CBF776F3A007FB5EE /* Pods-IowaCrawler.release.xcconfig */ = {isa = PBXFileReference; includeInIndex = 1; lastKnownFileType = text.xcconfig; name = "Pods-IowaCrawler.release.xcconfig"; path = "Target Support Files/Pods-IowaCrawler/Pods-IowaCrawler.release.xcconfig"; sourceTree = "<group>"; };
		B1628789441A15966828726C /* Pods_IowaCrawler.framework */ = {isa = PBXFileReference; explicitFileType = wrapper.framework; includeInIndex = 0; path = Pods_IowaCrawler.framework; sourceTree = BUILT_PRODUCTS_DIR; };
		B503A5A910D42918855BFDBB /* Pods-IowaCrawler.debug.xcconfig */ = {isa = PBXFileReference; includeInIndex = 1; lastKnownFileType = text.xcconfig; name = "Pods-IowaCrawler.debug.xcconfig"; path = "Target Support Files/Pods-IowaCrawler/Pods-IowaCrawler.debug.xcconfig"; sourceTree = "<group>"; };
		E3BB256A24DA79420008DB34 /* IowaCrawler.app */ = {isa = PBXFileReference; explicitFileType = wrapper.application; includeInIndex = 0; path = IowaCrawler.app; sourceTree = BUILT_PRODUCTS_DIR; };
		E3BB256D24DA79420008DB34 /* AppDelegate.swift */ = {isa = PBXFileReference; lastKnownFileType = sourcecode.swift; path = AppDelegate.swift; sourceTree = "<group>"; };
		E3BB256F24DA79420008DB34 /* ViewController.swift */ = {isa = PBXFileReference; lastKnownFileType = sourcecode.swift; path = ViewController.swift; sourceTree = "<group>"; };
		E3BB257124DA79430008DB34 /* Assets.xcassets */ = {isa = PBXFileReference; lastKnownFileType = folder.assetcatalog; path = Assets.xcassets; sourceTree = "<group>"; };
		E3BB257424DA79430008DB34 /* Base */ = {isa = PBXFileReference; lastKnownFileType = file.storyboard; name = Base; path = Base.lproj/Main.storyboard; sourceTree = "<group>"; };
		E3BB257624DA79430008DB34 /* Info.plist */ = {isa = PBXFileReference; lastKnownFileType = text.plist.xml; path = Info.plist; sourceTree = "<group>"; };
		E3BB257724DA79430008DB34 /* IowaCrawler.entitlements */ = {isa = PBXFileReference; lastKnownFileType = text.plist.entitlements; path = IowaCrawler.entitlements; sourceTree = "<group>"; };
		E3BB257D24DAACF20008DB34 /* DownloadOperation.swift */ = {isa = PBXFileReference; lastKnownFileType = sourcecode.swift; path = DownloadOperation.swift; sourceTree = "<group>"; };
/* End PBXFileReference section */

/* Begin PBXFrameworksBuildPhase section */
		E3BB256724DA79420008DB34 /* Frameworks */ = {
			isa = PBXFrameworksBuildPhase;
			buildActionMask = 2147483647;
			files = (
				18323D4B781564E1D6DB7A91 /* Pods_IowaCrawler.framework in Frameworks */,
			);
			runOnlyForDeploymentPostprocessing = 0;
		};
/* End PBXFrameworksBuildPhase section */

/* Begin PBXGroup section */
		DDB24D86A5C0171241AC6385 /* Pods */ = {
			isa = PBXGroup;
			children = (
				B503A5A910D42918855BFDBB /* Pods-IowaCrawler.debug.xcconfig */,
				424DBC7CBF776F3A007FB5EE /* Pods-IowaCrawler.release.xcconfig */,
			);
			path = Pods;
			sourceTree = "<group>";
		};
		E3BB256124DA79420008DB34 = {
			isa = PBXGroup;
			children = (
				E3BB256C24DA79420008DB34 /* IowaCrawler */,
				E3BB256B24DA79420008DB34 /* Products */,
				DDB24D86A5C0171241AC6385 /* Pods */,
				F5F609D49969528FAA9CBBF7 /* Frameworks */,
			);
			sourceTree = "<group>";
		};
		E3BB256B24DA79420008DB34 /* Products */ = {
			isa = PBXGroup;
			children = (
				E3BB256A24DA79420008DB34 /* IowaCrawler.app */,
			);
			name = Products;
			sourceTree = "<group>";
		};
		E3BB256C24DA79420008DB34 /* IowaCrawler */ = {
			isa = PBXGroup;
			children = (
				E3BB256D24DA79420008DB34 /* AppDelegate.swift */,
				E3BB256F24DA79420008DB34 /* ViewController.swift */,
				E3BB257D24DAACF20008DB34 /* DownloadOperation.swift */,
				E3BB257124DA79430008DB34 /* Assets.xcassets */,
				E3BB257324DA79430008DB34 /* Main.storyboard */,
				E3BB257624DA79430008DB34 /* Info.plist */,
				E3BB257724DA79430008DB34 /* IowaCrawler.entitlements */,
			);
			path = IowaCrawler;
			sourceTree = "<group>";
		};
		F5F609D49969528FAA9CBBF7 /* Frameworks */ = {
			isa = PBXGroup;
			children = (
				B1628789441A15966828726C /* Pods_IowaCrawler.framework */,
			);
			name = Frameworks;
			sourceTree = "<group>";
		};
/* End PBXGroup section */

/* Begin PBXNativeTarget section */
		E3BB256924DA79420008DB34 /* IowaCrawler */ = {
			isa = PBXNativeTarget;
			buildConfigurationList = E3BB257A24DA79430008DB34 /* Build configuration list for PBXNativeTarget "IowaCrawler" */;
			buildPhases = (
				19B410BCD42996B4BCEAB5B2 /* [CP] Check Pods Manifest.lock */,
				E3BB256624DA79420008DB34 /* Sources */,
				E3BB256724DA79420008DB34 /* Frameworks */,
				E3BB256824DA79420008DB34 /* Resources */,
				76C5B5E62DF030D84DBB0863 /* [CP] Embed Pods Frameworks */,
			);
			buildRules = (
			);
			dependencies = (
			);
			name = IowaCrawler;
			productName = IowaCrawler;
			productReference = E3BB256A24DA79420008DB34 /* IowaCrawler.app */;
			productType = "com.apple.product-type.application";
		};
/* End PBXNativeTarget section */

/* Begin PBXProject section */
		E3BB256224DA79420008DB34 /* Project object */ = {
			isa = PBXProject;
			attributes = {
				LastSwiftUpdateCheck = 1160;
				LastUpgradeCheck = 1160;
				ORGANIZATIONNAME = "Seungwon Ju";
				TargetAttributes = {
					E3BB256924DA79420008DB34 = {
						CreatedOnToolsVersion = 11.6;
					};
				};
			};
			buildConfigurationList = E3BB256524DA79420008DB34 /* Build configuration list for PBXProject "IowaCrawler" */;
			compatibilityVersion = "Xcode 9.3";
			developmentRegion = en;
			hasScannedForEncodings = 0;
			knownRegions = (
				en,
				Base,
			);
			mainGroup = E3BB256124DA79420008DB34;
			productRefGroup = E3BB256B24DA79420008DB34 /* Products */;
			projectDirPath = "";
			projectRoot = "";
			targets = (
				E3BB256924DA79420008DB34 /* IowaCrawler */,
			);
		};
/* End PBXProject section */

/* Begin PBXResourcesBuildPhase section */
		E3BB256824DA79420008DB34 /* Resources */ = {
			isa = PBXResourcesBuildPhase;
			buildActionMask = 2147483647;
			files = (
				E3BB257224DA79430008DB34 /* Assets.xcassets in Resources */,
				E3BB257524DA79430008DB34 /* Main.storyboard in Resources */,
			);
			runOnlyForDeploymentPostprocessing = 0;
		};
/* End PBXResourcesBuildPhase section */

/* Begin PBXShellScriptBuildPhase section */
		19B410BCD42996B4BCEAB5B2 /* [CP] Check Pods Manifest.lock */ = {
			isa = PBXShellScriptBuildPhase;
			buildActionMask = 2147483647;
			files = (
			);
			inputFileListPaths = (
			);
			inputPaths = (
				"${PODS_PODFILE_DIR_PATH}/Podfile.lock",
				"${PODS_ROOT}/Manifest.lock",
			);
			name = "[CP] Check Pods Manifest.lock";
			outputFileListPaths = (
			);
			outputPaths = (
				"$(DERIVED_FILE_DIR)/Pods-IowaCrawler-checkManifestLockResult.txt",
			);
			runOnlyForDeploymentPostprocessing = 0;
			shellPath = /bin/sh;
			shellScript = "diff \"${PODS_PODFILE_DIR_PATH}/Podfile.lock\" \"${PODS_ROOT}/Manifest.lock\" > /dev/null\nif [ $? != 0 ] ; then\n    # print error to STDERR\n    echo \"error: The sandbox is not in sync with the Podfile.lock. Run 'pod install' or update your CocoaPods installation.\" >&2\n    exit 1\nfi\n# This output is used by Xcode 'outputs' to avoid re-running this script phase.\necho \"SUCCESS\" > \"${SCRIPT_OUTPUT_FILE_0}\"\n";
			showEnvVarsInLog = 0;
		};
		76C5B5E62DF030D84DBB0863 /* [CP] Embed Pods Frameworks */ = {
			isa = PBXShellScriptBuildPhase;
			buildActionMask = 2147483647;
			files = (
			);
			inputFileListPaths = (
				"${PODS_ROOT}/Target Support Files/Pods-IowaCrawler/Pods-IowaCrawler-frameworks-${CONFIGURATION}-input-files.xcfilelist",
			);
			name = "[CP] Embed Pods Frameworks";
			outputFileListPaths = (
				"${PODS_ROOT}/Target Support Files/Pods-IowaCrawler/Pods-IowaCrawler-frameworks-${CONFIGURATION}-output-files.xcfilelist",
			);
			runOnlyForDeploymentPostprocessing = 0;
			shellPath = /bin/sh;
			shellScript = "\"${PODS_ROOT}/Target Support Files/Pods-IowaCrawler/Pods-IowaCrawler-frameworks.sh\"\n";
			showEnvVarsInLog = 0;
		};
/* End PBXShellScriptBuildPhase section */

/* Begin PBXSourcesBuildPhase section */
		E3BB256624DA79420008DB34 /* Sources */ = {
			isa = PBXSourcesBuildPhase;
			buildActionMask = 2147483647;
			files = (
				E3BB257024DA79420008DB34 /* ViewController.swift in Sources */,
				E3BB256E24DA79420008DB34 /* AppDelegate.swift in Sources */,
				E3BB257E24DAACF20008DB34 /* DownloadOperation.swift in Sources */,
			);
			runOnlyForDeploymentPostprocessing = 0;
		};
/* End PBXSourcesBuildPhase section */

/* Begin PBXVariantGroup section */
		E3BB257324DA79430008DB34 /* Main.storyboard */ = {
			isa = PBXVariantGroup;
			children = (
				E3BB257424DA79430008DB34 /* Base */,
			);
			name = Main.storyboard;
			sourceTree = "<group>";
		};
/* End PBXVariantGroup section */

/* Begin XCBuildConfiguration section */
		E3BB257824DA79430008DB34 /* Debug */ = {
			isa = XCBuildConfiguration;
			buildSettings = {
				ALWAYS_SEARCH_USER_PATHS = NO;
				CLANG_ANALYZER_NONNULL = YES;
				CLANG_ANALYZER_NUMBER_OBJECT_CONVERSION = YES_AGGRESSIVE;
				CLANG_CXX_LANGUAGE_STANDARD = "gnu++14";
				CLANG_CXX_LIBRARY = "libc++";
				CLANG_ENABLE_MODULES = YES;
				CLANG_ENABLE_OBJC_ARC = YES;
				CLANG_ENABLE_OBJC_WEAK = YES;
				CLANG_WARN_BLOCK_CAPTURE_AUTORELEASING = YES;
				CLANG_WARN_BOOL_CONVERSION = YES;
				CLANG_WARN_COMMA = YES;
				CLANG_WARN_CONSTANT_CONVERSION = YES;
				CLANG_WARN_DEPRECATED_OBJC_IMPLEMENTATIONS = YES;
				CLANG_WARN_DIRECT_OBJC_ISA_USAGE = YES_ERROR;
				CLANG_WARN_DOCUMENTATION_COMMENTS = YES;
				CLANG_WARN_EMPTY_BODY = YES;
				CLANG_WARN_ENUM_CONVERSION = YES;
				CLANG_WARN_INFINITE_RECURSION = YES;
				CLANG_WARN_INT_CONVERSION = YES;
				CLANG_WARN_NON_LITERAL_NULL_CONVERSION = YES;
				CLANG_WARN_OBJC_IMPLICIT_RETAIN_SELF = YES;
				CLANG_WARN_OBJC_LITERAL_CONVERSION = YES;
				CLANG_WARN_OBJC_ROOT_CLASS = YES_ERROR;
				CLANG_WARN_RANGE_LOOP_ANALYSIS = YES;
				CLANG_WARN_STRICT_PROTOTYPES = YES;
				CLANG_WARN_SUSPICIOUS_MOVE = YES;
				CLANG_WARN_UNGUARDED_AVAILABILITY = YES_AGGRESSIVE;
				CLANG_WARN_UNREACHABLE_CODE = YES;
				CLANG_WARN__DUPLICATE_METHOD_MATCH = YES;
				COPY_PHASE_STRIP = NO;
				DEBUG_INFORMATION_FORMAT = dwarf;
				ENABLE_STRICT_OBJC_MSGSEND = YES;
				ENABLE_TESTABILITY = YES;
				GCC_C_LANGUAGE_STANDARD = gnu11;
				GCC_DYNAMIC_NO_PIC = NO;
				GCC_NO_COMMON_BLOCKS = YES;
				GCC_OPTIMIZATION_LEVEL = 0;
				GCC_PREPROCESSOR_DEFINITIONS = (
					"DEBUG=1",
					"$(inherited)",
				);
				GCC_WARN_64_TO_32_BIT_CONVERSION = YES;
				GCC_WARN_ABOUT_RETURN_TYPE = YES_ERROR;
				GCC_WARN_UNDECLARED_SELECTOR = YES;
				GCC_WARN_UNINITIALIZED_AUTOS = YES_AGGRESSIVE;
				GCC_WARN_UNUSED_FUNCTION = YES;
				GCC_WARN_UNUSED_VARIABLE = YES;
				MACOSX_DEPLOYMENT_TARGET = 10.15;
				MTL_ENABLE_DEBUG_INFO = INCLUDE_SOURCE;
				MTL_FAST_MATH = YES;
				ONLY_ACTIVE_ARCH = YES;
				SDKROOT = macosx;
				SWIFT_ACTIVE_COMPILATION_CONDITIONS = DEBUG;
				SWIFT_OPTIMIZATION_LEVEL = "-Onone";
			};
			name = Debug;
		};
		E3BB257924DA79430008DB34 /* Release */ = {
			isa = XCBuildConfiguration;
			buildSettings = {
				ALWAYS_SEARCH_USER_PATHS = NO;
				CLANG_ANALYZER_NONNULL = YES;
				CLANG_ANALYZER_NUMBER_OBJECT_CONVERSION = YES_AGGRESSIVE;
				CLANG_CXX_LANGUAGE_STANDARD = "gnu++14";
				CLANG_CXX_LIBRARY = "libc++";
				CLANG_ENABLE_MODULES = YES;
				CLANG_ENABLE_OBJC_ARC = YES;
				CLANG_ENABLE_OBJC_WEAK = YES;
				CLANG_WARN_BLOCK_CAPTURE_AUTORELEASING = YES;
				CLANG_WARN_BOOL_CONVERSION = YES;
				CLANG_WARN_COMMA = YES;
				CLANG_WARN_CONSTANT_CONVERSION = YES;
				CLANG_WARN_DEPRECATED_OBJC_IMPLEMENTATIONS = YES;
				CLANG_WARN_DIRECT_OBJC_ISA_USAGE = YES_ERROR;
				CLANG_WARN_DOCUMENTATION_COMMENTS = YES;
				CLANG_WARN_EMPTY_BODY = YES;
				CLANG_WARN_ENUM_CONVERSION = YES;
				CLANG_WARN_INFINITE_RECURSION = YES;
				CLANG_WARN_INT_CONVERSION = YES;
				CLANG_WARN_NON_LITERAL_NULL_CONVERSION = YES;
				CLANG_WARN_OBJC_IMPLICIT_RETAIN_SELF = YES;
				CLANG_WARN_OBJC_LITERAL_CONVERSION = YES;
				CLANG_WARN_OBJC_ROOT_CLASS = YES_ERROR;
				CLANG_WARN_RANGE_LOOP_ANALYSIS = YES;
				CLANG_WARN_STRICT_PROTOTYPES = YES;
				CLANG_WARN_SUSPICIOUS_MOVE = YES;
				CLANG_WARN_UNGUARDED_AVAILABILITY = YES_AGGRESSIVE;
				CLANG_WARN_UNREACHABLE_CODE = YES;
				CLANG_WARN__DUPLICATE_METHOD_MATCH = YES;
				COPY_PHASE_STRIP = NO;
				DEBUG_INFORMATION_FORMAT = "dwarf-with-dsym";
				ENABLE_NS_ASSERTIONS = NO;
				ENABLE_STRICT_OBJC_MSGSEND = YES;
				GCC_C_LANGUAGE_STANDARD = gnu11;
				GCC_NO_COMMON_BLOCKS = YES;
				GCC_WARN_64_TO_32_BIT_CONVERSION = YES;
				GCC_WARN_ABOUT_RETURN_TYPE = YES_ERROR;
				GCC_WARN_UNDECLARED_SELECTOR = YES;
				GCC_WARN_UNINITIALIZED_AUTOS = YES_AGGRESSIVE;
				GCC_WARN_UNUSED_FUNCTION = YES;
				GCC_WARN_UNUSED_VARIABLE = YES;
				MACOSX_DEPLOYMENT_TARGET = 10.15;
				MTL_ENABLE_DEBUG_INFO = NO;
				MTL_FAST_MATH = YES;
				SDKROOT = macosx;
				SWIFT_COMPILATION_MODE = wholemodule;
				SWIFT_OPTIMIZATION_LEVEL = "-O";
			};
			name = Release;
		};
		E3BB257B24DA79430008DB34 /* Debug */ = {
			isa = XCBuildConfiguration;
			baseConfigurationReference = B503A5A910D42918855BFDBB /* Pods-IowaCrawler.debug.xcconfig */;
			buildSettings = {
				ASSETCATALOG_COMPILER_APPICON_NAME = AppIcon;
				CODE_SIGN_ENTITLEMENTS = IowaCrawler/IowaCrawler.entitlements;
				CODE_SIGN_STYLE = Automatic;
				COMBINE_HIDPI_IMAGES = YES;
				DEVELOPMENT_TEAM = ZUY57PK6P4;
				ENABLE_HARDENED_RUNTIME = YES;
				INFOPLIST_FILE = IowaCrawler/Info.plist;
				LD_RUNPATH_SEARCH_PATHS = (
					"$(inherited)",
					"@executable_path/../Frameworks",
				);
				PRODUCT_BUNDLE_IDENTIFIER = seungwon.IowaCrawler;
				PRODUCT_NAME = "$(TARGET_NAME)";
				SWIFT_VERSION = 5.0;
			};
			name = Debug;
		};
		E3BB257C24DA79430008DB34 /* Release */ = {
			isa = XCBuildConfiguration;
			baseConfigurationReference = 424DBC7CBF776F3A007FB5EE /* Pods-IowaCrawler.release.xcconfig */;
			buildSettings = {
				ASSETCATALOG_COMPILER_APPICON_NAME = AppIcon;
				CODE_SIGN_ENTITLEMENTS = IowaCrawler/IowaCrawler.entitlements;
				CODE_SIGN_STYLE = Automatic;
				COMBINE_HIDPI_IMAGES = YES;
				DEVELOPMENT_TEAM = ZUY57PK6P4;
				ENABLE_HARDENED_RUNTIME = YES;
				INFOPLIST_FILE = IowaCrawler/Info.plist;
				LD_RUNPATH_SEARCH_PATHS = (
					"$(inherited)",
					"@executable_path/../Frameworks",
				);
				PRODUCT_BUNDLE_IDENTIFIER = seungwon.IowaCrawler;
				PRODUCT_NAME = "$(TARGET_NAME)";
				SWIFT_VERSION = 5.0;
			};
			name = Release;
		};
/* End XCBuildConfiguration section */

/* Begin XCConfigurationList section */
		E3BB256524DA79420008DB34 /* Build configuration list for PBXProject "IowaCrawler" */ = {
			isa = XCConfigurationList;
			buildConfigurations = (
				E3BB257824DA79430008DB34 /* Debug */,
				E3BB257924DA79430008DB34 /* Release */,
			);
			defaultConfigurationIsVisible = 0;
			defaultConfigurationName = Release;
		};
		E3BB257A24DA79430008DB34 /* Build configuration list for PBXNativeTarget "IowaCrawler" */ = {
			isa = XCConfigurationList;
			buildConfigurations = (
				E3BB257B24DA79430008DB34 /* Debug */,
				E3BB257C24DA79430008DB34 /* Release */,
			);
			defaultConfigurationIsVisible = 0;
			defaultConfigurationName = Release;
		};
/* End XCConfigurationList section */
	};
	rootObject = E3BB256224DA79420008DB34 /* Project object */;
}
